
Microsoft Visual Studio Solution File, Format Version 12.00
# Visual Studio Version 17
VisualStudioVersion = 17.0.31717.71
MinimumVisualStudioVersion = 10.0.40219.1
Project("{FAE04EC0-301F-11D3-BF4B-00C04F79EFBC}") = "LAB02_01", "LAB02_01\LAB02_01.csproj", "{74AC9556-E6AF-43E2-B633-C0FCC42CFD37}"
EndProject
Global
	GlobalSection(SolutionConfigurationPlatforms) = preSolution
		Debug|Any CPU = Debug|Any CPU
		Release|Any CPU = Release|Any CPU
	EndGlobalSection
	GlobalSection(ProjectConfigurationPlatforms) = postSolution
		{74AC9556-E6AF-43E2-B633-C0FCC42CFD37}.Debug|Any CPU.ActiveCfg = Debug|Any CPU
		{74AC9556-E6AF-43E2-B633-C0FCC42CFD37}.Debug|Any CPU.Build.0 = Debug|Any CPU
		{74AC9556-E6AF-43E2-B633-C0FCC42CFD37}.Release|Any CPU.ActiveCfg = Release|Any CPU
		{74AC9556-E6AF-43E2-B633-C0FCC42CFD37}.Release|Any CPU.Build.0 = Release|Any CPU
	EndGlobalSection
	GlobalSection(SolutionProperties) = preSolution
		HideSolutionNode = FALSE
	EndGlobalSection
	GlobalSection(ExtensibilityGlobals) = postSolution
		SolutionGuid = {4E8C4EB2-F52C-4A12-8D83-4894F09DEF05}
	EndGlobalSection
EndGlobal
